
Microsoft Visual Studio Solution File, Format Version 12.00
# Visual Studio 15
VisualStudioVersion = 15.0.28307.106
MinimumVisualStudioVersion = 10.0.40219.1
Project("{2150E333-8FDC-42A3-9474-1A3956D46DE8}") = "MailSystem", "MailSystem", "{C9100A78-5E1C-4769-8A6B-0C9DE5CA8D04}"
EndProject
Project("{2150E333-8FDC-42A3-9474-1A3956D46DE8}") = "Framework", "Framework", "{3E11669D-5592-4D09-B04B-6A4A4FB24A83}"
EndProject
Project("{FAE04EC0-301F-11D3-BF4B-00C04F79EFBC}") = "MS.Domain", "MS.Domain\MS.Domain.csproj", "{62FC6C57-46A6-4246-AE7C-F1F60A3A5303}"
EndProject
Project("{2150E333-8FDC-42A3-9474-1A3956D46DE8}") = "Domain", "Domain", "{6B52E686-F18A-4D48-8AA2-EC4EDB9D0783}"
EndProject
Project("{2150E333-8FDC-42A3-9474-1A3956D46DE8}") = "Application", "Application", "{146A19BD-5A32-4EA0-A863-685EC407F03B}"
EndProject
Project("{FAE04EC0-301F-11D3-BF4B-00C04F79EFBC}") = "MS.Application", "MS.Application\MS.Application.csproj", "{4D311A76-5D16-44BA-AF47-8C29EDB707AA}"
EndProject
Project("{2150E333-8FDC-42A3-9474-1A3956D46DE8}") = "Infrastructure", "Infrastructure", "{2EB0F5FB-7DCC-46B6-9006-E489F494CB55}"
EndProject
Project("{2150E333-8FDC-42A3-9474-1A3956D46DE8}") = "Presentation", "Presentation", "{433CDEDE-9948-40EA-929A-EBE0B04CD81A}"
EndProject
Project("{FAE04EC0-301F-11D3-BF4B-00C04F79EFBC}") = "MS.Presentation.RestApi", "MS.Presentation.RestApi\MS.Presentation.RestApi.csproj", "{9AA3B09C-3245-43B5-90D5-C8F71DEAA549}"
EndProject
Project("{FAE04EC0-301F-11D3-BF4B-00C04F79EFBC}") = "MS.Infrastructure.Persistance", "MS.Infrastructure.Persistance\MS.Infrastructure.Persistance.csproj", "{129932D1-44ED-4195-BCE2-0CABBD2CA772}"
EndProject
Project("{FAE04EC0-301F-11D3-BF4B-00C04F79EFBC}") = "MS.Application.Contracts", "MS.Application.Contracts\MS.Application.Contracts.csproj", "{E3452750-1C0F-49C1-9B04-48C6F495DCC2}"
EndProject
Project("{FAE04EC0-301F-11D3-BF4B-00C04F79EFBC}") = "MS.Infrastructure.Config", "MS.Infrastructure.Config\MS.Infrastructure.Config.csproj", "{BA898AC5-CC3F-4C50-8593-F8D0FB74F6B6}"
EndProject
Project("{FAE04EC0-301F-11D3-BF4B-00C04F79EFBC}") = "Framework.Application", "Framework.Application\Framework.Application.csproj", "{7940DF7E-7562-4FBA-83C1-8628F30CAAA0}"
EndProject
Project("{FAE04EC0-301F-11D3-BF4B-00C04F79EFBC}") = "Framework.Domain", "Framework.Domain\Framework.Domain.csproj", "{49FAE3EC-3650-4209-8B10-E0C98DC0D268}"
EndProject
Global
	GlobalSection(SolutionConfigurationPlatforms) = preSolution
		Debug|Any CPU = Debug|Any CPU
		Release|Any CPU = Release|Any CPU
	EndGlobalSection
	GlobalSection(ProjectConfigurationPlatforms) = postSolution
		{62FC6C57-46A6-4246-AE7C-F1F60A3A5303}.Debug|Any CPU.ActiveCfg = Debug|Any CPU
		{62FC6C57-46A6-4246-AE7C-F1F60A3A5303}.Debug|Any CPU.Build.0 = Debug|Any CPU
		{62FC6C57-46A6-4246-AE7C-F1F60A3A5303}.Release|Any CPU.ActiveCfg = Release|Any CPU
		{62FC6C57-46A6-4246-AE7C-F1F60A3A5303}.Release|Any CPU.Build.0 = Release|Any CPU
		{4D311A76-5D16-44BA-AF47-8C29EDB707AA}.Debug|Any CPU.ActiveCfg = Debug|Any CPU
		{4D311A76-5D16-44BA-AF47-8C29EDB707AA}.Debug|Any CPU.Build.0 = Debug|Any CPU
		{4D311A76-5D16-44BA-AF47-8C29EDB707AA}.Release|Any CPU.ActiveCfg = Release|Any CPU
		{4D311A76-5D16-44BA-AF47-8C29EDB707AA}.Release|Any CPU.Build.0 = Release|Any CPU
		{9AA3B09C-3245-43B5-90D5-C8F71DEAA549}.Debug|Any CPU.ActiveCfg = Debug|Any CPU
		{9AA3B09C-3245-43B5-90D5-C8F71DEAA549}.Debug|Any CPU.Build.0 = Debug|Any CPU
		{9AA3B09C-3245-43B5-90D5-C8F71DEAA549}.Release|Any CPU.ActiveCfg = Release|Any CPU
		{9AA3B09C-3245-43B5-90D5-C8F71DEAA549}.Release|Any CPU.Build.0 = Release|Any CPU
		{129932D1-44ED-4195-BCE2-0CABBD2CA772}.Debug|Any CPU.ActiveCfg = Debug|Any CPU
		{129932D1-44ED-4195-BCE2-0CABBD2CA772}.Debug|Any CPU.Build.0 = Debug|Any CPU
		{129932D1-44ED-4195-BCE2-0CABBD2CA772}.Release|Any CPU.ActiveCfg = Release|Any CPU
		{129932D1-44ED-4195-BCE2-0CABBD2CA772}.Release|Any CPU.Build.0 = Release|Any CPU
		{E3452750-1C0F-49C1-9B04-48C6F495DCC2}.Debug|Any CPU.ActiveCfg = Debug|Any CPU
		{E3452750-1C0F-49C1-9B04-48C6F495DCC2}.Debug|Any CPU.Build.0 = Debug|Any CPU
		{E3452750-1C0F-49C1-9B04-48C6F495DCC2}.Release|Any CPU.ActiveCfg = Release|Any CPU
		{E3452750-1C0F-49C1-9B04-48C6F495DCC2}.Release|Any CPU.Build.0 = Release|Any CPU
		{BA898AC5-CC3F-4C50-8593-F8D0FB74F6B6}.Debug|Any CPU.ActiveCfg = Debug|Any CPU
		{BA898AC5-CC3F-4C50-8593-F8D0FB74F6B6}.Debug|Any CPU.Build.0 = Debug|Any CPU
		{BA898AC5-CC3F-4C50-8593-F8D0FB74F6B6}.Release|Any CPU.ActiveCfg = Release|Any CPU
		{BA898AC5-CC3F-4C50-8593-F8D0FB74F6B6}.Release|Any CPU.Build.0 = Release|Any CPU
		{7940DF7E-7562-4FBA-83C1-8628F30CAAA0}.Debug|Any CPU.ActiveCfg = Debug|Any CPU
		{7940DF7E-7562-4FBA-83C1-8628F30CAAA0}.Debug|Any CPU.Build.0 = Debug|Any CPU
		{7940DF7E-7562-4FBA-83C1-8628F30CAAA0}.Release|Any CPU.ActiveCfg = Release|Any CPU
		{7940DF7E-7562-4FBA-83C1-8628F30CAAA0}.Release|Any CPU.Build.0 = Release|Any CPU
		{49FAE3EC-3650-4209-8B10-E0C98DC0D268}.Debug|Any CPU.ActiveCfg = Debug|Any CPU
		{49FAE3EC-3650-4209-8B10-E0C98DC0D268}.Debug|Any CPU.Build.0 = Debug|Any CPU
		{49FAE3EC-3650-4209-8B10-E0C98DC0D268}.Release|Any CPU.ActiveCfg = Release|Any CPU
		{49FAE3EC-3650-4209-8B10-E0C98DC0D268}.Release|Any CPU.Build.0 = Release|Any CPU
	EndGlobalSection
	GlobalSection(SolutionProperties) = preSolution
		HideSolutionNode = FALSE
	EndGlobalSection
	GlobalSection(NestedProjects) = preSolution
		{62FC6C57-46A6-4246-AE7C-F1F60A3A5303} = {6B52E686-F18A-4D48-8AA2-EC4EDB9D0783}
		{6B52E686-F18A-4D48-8AA2-EC4EDB9D0783} = {C9100A78-5E1C-4769-8A6B-0C9DE5CA8D04}
		{146A19BD-5A32-4EA0-A863-685EC407F03B} = {C9100A78-5E1C-4769-8A6B-0C9DE5CA8D04}
		{4D311A76-5D16-44BA-AF47-8C29EDB707AA} = {146A19BD-5A32-4EA0-A863-685EC407F03B}
		{2EB0F5FB-7DCC-46B6-9006-E489F494CB55} = {C9100A78-5E1C-4769-8A6B-0C9DE5CA8D04}
		{433CDEDE-9948-40EA-929A-EBE0B04CD81A} = {C9100A78-5E1C-4769-8A6B-0C9DE5CA8D04}
		{9AA3B09C-3245-43B5-90D5-C8F71DEAA549} = {433CDEDE-9948-40EA-929A-EBE0B04CD81A}
		{129932D1-44ED-4195-BCE2-0CABBD2CA772} = {2EB0F5FB-7DCC-46B6-9006-E489F494CB55}
		{E3452750-1C0F-49C1-9B04-48C6F495DCC2} = {146A19BD-5A32-4EA0-A863-685EC407F03B}
		{BA898AC5-CC3F-4C50-8593-F8D0FB74F6B6} = {2EB0F5FB-7DCC-46B6-9006-E489F494CB55}
		{7940DF7E-7562-4FBA-83C1-8628F30CAAA0} = {3E11669D-5592-4D09-B04B-6A4A4FB24A83}
		{49FAE3EC-3650-4209-8B10-E0C98DC0D268} = {3E11669D-5592-4D09-B04B-6A4A4FB24A83}
	EndGlobalSection
	GlobalSection(ExtensibilityGlobals) = postSolution
		SolutionGuid = {04581B65-1FA0-4887-818D-EEC54CC66D87}
	EndGlobalSection
EndGlobal
